Microsoft Visual Studio Solution File, Format Version 12.00
# Visual Studio 14
Project("{8BC9CEB8-8B4A-11D0-8D11-00A0C91BC942}") = "xcast_dev", "xcast_dev.vcxproj", "{CCF53F67-526B-38A0-9290-EFCAFE735FBF}"
	ProjectSection(ProjectDependencies) = postProject
		{1322243A-6A23-30A3-B1FF-C98E24D982B5} = {1322243A-6A23-30A3-B1FF-C98E24D982B5}
	EndProjectSection
EndProject
Project("{8BC9CEB8-8B4A-11D0-8D11-00A0C91BC942}") = "ALL_BUILD", "ALL_BUILD.vcxproj", "{396A18E4-ABFA-356F-A2F0-85326624CD10}"
	ProjectSection(ProjectDependencies) = postProject
		{1322243A-6A23-30A3-B1FF-C98E24D982B5} = {1322243A-6A23-30A3-B1FF-C98E24D982B5}
		{CCF53F67-526B-38A0-9290-EFCAFE735FBF} = {CCF53F67-526B-38A0-9290-EFCAFE735FBF}
	EndProjectSection
EndProject
Project("{8BC9CEB8-8B4A-11D0-8D11-00A0C91BC942}") = "ZERO_CHECK", "ZERO_CHECK.vcxproj", "{1322243A-6A23-30A3-B1FF-C98E24D982B5}"
	ProjectSection(ProjectDependencies) = postProject
	EndProjectSection
EndProject
Global
	GlobalSection(SolutionConfigurationPlatforms) = preSolution
		Debug|Win32 = Debug|Win32
		Release|Win32 = Release|Win32
	EndGlobalSection
	GlobalSection(ProjectConfigurationPlatforms) = postSolution
		{CCF53F67-526B-38A0-9290-EFCAFE735FBF}.Debug|Win32.ActiveCfg = Debug|Win32
		{CCF53F67-526B-38A0-9290-EFCAFE735FBF}.Debug|Win32.Build.0 = Debug|Win32
		{CCF53F67-526B-38A0-9290-EFCAFE735FBF}.Release|Win32.ActiveCfg = Release|Win32
		{CCF53F67-526B-38A0-9290-EFCAFE735FBF}.Release|Win32.Build.0 = Release|Win32
		{396A18E4-ABFA-356F-A2F0-85326624CD10}.Debug|Win32.ActiveCfg = Debug|Win32
		{396A18E4-ABFA-356F-A2F0-85326624CD10}.Release|Win32.ActiveCfg = Release|Win32
		{1322243A-6A23-30A3-B1FF-C98E24D982B5}.Debug|Win32.ActiveCfg = Debug|Win32
		{1322243A-6A23-30A3-B1FF-C98E24D982B5}.Debug|Win32.Build.0 = Debug|Win32
		{1322243A-6A23-30A3-B1FF-C98E24D982B5}.Release|Win32.ActiveCfg = Release|Win32
		{1322243A-6A23-30A3-B1FF-C98E24D982B5}.Release|Win32.Build.0 = Release|Win32
	EndGlobalSection
	GlobalSection(ExtensibilityGlobals) = postSolution
	EndGlobalSection
	GlobalSection(ExtensibilityAddIns) = postSolution
	EndGlobalSection
EndGlobal
