<?xml version="1.0" encoding="utf-8"?>
<Project ToolsVersion="14.0" xmlns="http://schemas.microsoft.com/developer/msbuild/2003">
  <ItemGroup>
    <ClCompile Include="C:\Users\JamesChen\GitHub\XCastDemo\xcast-demo\example\main-view.cpp">
      <Filter>Source Files</Filter>
    </ClCompile>
    <ClCompile Include="C:\Users\JamesChen\GitHub\XCastDemo\xcast-demo\example\tab-view.cpp">
      <Filter>Source Files</Filter>
    </ClCompile>
    <ClCompile Include="C:\Users\JamesChen\GitHub\XCastDemo\xcast-demo\example\tree-view.cpp">
      <Filter>Source Files</Filter>
    </ClCompile>
    <ClCompile Include="C:\Users\JamesChen\GitHub\XCastDemo\xcast-demo\example\xcast-dev.cpp">
      <Filter>Source Files</Filter>
    </ClCompile>
    <ClCompile Include="C:\Users\JamesChen\GitHub\XCastDemo\xcast-demo\example\xcast-ui-handler.cc">
      <Filter>Source Files</Filter>
    </ClCompile>
    <ClCompile Include="C:\Users\JamesChen\GitHub\XCastDemo\xcast-demo\example\Live\XCastData.cpp">
      <Filter>Source Files</Filter>
    </ClCompile>
    <ClCompile Include="C:\Users\JamesChen\GitHub\XCastDemo\xcast-demo\example\Live\XCastHelper.cpp">
      <Filter>Source Files</Filter>
    </ClCompile>
    <ClCompile Include="C:\Users\JamesChen\GitHub\XCastDemo\xcast-demo\example\Live\XCastUtil.cpp">
      <Filter>Source Files</Filter>
    </ClCompile>
    <ClCompile Include="C:\Users\JamesChen\GitHub\XCastDemo\xcast-demo\example\Live\XCastObserver.cpp">
      <Filter>Source Files</Filter>
    </ClCompile>
  </ItemGroup>
  <ItemGroup>
    <ClInclude Include="C:\Users\JamesChen\GitHub\XCastDemo\xcast-demo\example\main-view.h">
      <Filter>Header Files</Filter>
    </ClInclude>
    <ClInclude Include="C:\Users\JamesChen\GitHub\XCastDemo\xcast-demo\example\Resource.h">
      <Filter>Header Files</Filter>
    </ClInclude>
    <ClInclude Include="C:\Users\JamesChen\GitHub\XCastDemo\xcast-demo\example\stdafx.h">
      <Filter>Header Files</Filter>
    </ClInclude>
    <ClInclude Include="C:\Users\JamesChen\GitHub\XCastDemo\xcast-demo\example\targetver.h">
      <Filter>Header Files</Filter>
    </ClInclude>
    <ClInclude Include="C:\Users\JamesChen\GitHub\XCastDemo\xcast-demo\example\xcast-dev.h">
      <Filter>Header Files</Filter>
    </ClInclude>
    <ClInclude Include="C:\Users\JamesChen\GitHub\XCastDemo\xcast-demo\example\xcast-ui-handler.h">
      <Filter>Header Files</Filter>
    </ClInclude>
    <ClInclude Include="C:\Users\JamesChen\GitHub\XCastDemo\xcast-demo\example\Live\XCastData.h">
      <Filter>Header Files</Filter>
    </ClInclude>
    <ClInclude Include="C:\Users\JamesChen\GitHub\XCastDemo\xcast-demo\example\Live\XCastHelper.h">
      <Filter>Header Files</Filter>
    </ClInclude>
    <ClInclude Include="C:\Users\JamesChen\GitHub\XCastDemo\xcast-demo\example\Live\XCastUtil.h">
      <Filter>Header Files</Filter>
    </ClInclude>
    <ClInclude Include="C:\Users\JamesChen\GitHub\XCastDemo\xcast-demo\example\Live\XCastObserver.h">
      <Filter>Header Files</Filter>
    </ClInclude>
    <ClInclude Include="..\include\xcast_base.h">
      <Filter>Header Files</Filter>
    </ClInclude>
    <ClInclude Include="..\include\xcast_const.h">
      <Filter>Header Files</Filter>
    </ClInclude>
    <ClInclude Include="..\include\xcast_data.h">
      <Filter>Header Files</Filter>
    </ClInclude>
    <ClInclude Include="..\include\xcast_error.h">
      <Filter>Header Files</Filter>
    </ClInclude>
    <ClInclude Include="..\include\xcast_variant.h">
      <Filter>Header Files</Filter>
    </ClInclude>
    <ClInclude Include="..\xcast.h">
      <Filter>Header Files</Filter>
    </ClInclude>
    <ClInclude Include="..\xcast.hh">
      <Filter>Header Files</Filter>
    </ClInclude>
  </ItemGroup>
  <ItemGroup>
    <CustomBuild Include="C:\Users\JamesChen\GitHub\XCastDemo\xcast-demo\example\CMakeLists.txt" />
  </ItemGroup>
  <ItemGroup>
    <ResourceCompile Include="C:\Users\JamesChen\GitHub\XCastDemo\xcast-demo\example\xcast-dev.rc">
      <Filter>Source Files</Filter>
    </ResourceCompile>
  </ItemGroup>
  <ItemGroup>
    <Filter Include="Source Files">
      <UniqueIdentifier>{CE70A03A-F253-3A49-BDE3-F1E8F552F953}</UniqueIdentifier>
    </Filter>
    <Filter Include="Header Files">
      <UniqueIdentifier>{CB31B9CC-C1DF-382E-88D2-F8BF24B8E7DB}</UniqueIdentifier>
    </Filter>
  </ItemGroup>
  <ItemGroup>
    <Image Include="xcast-dev.ico" />
    <Image Include="small.ico" />
    <Image Include="icons.bmp" />
  </ItemGroup>
</Project>